
Microsoft Visual Studio Solution File, Format Version 12.00
# Visual Studio Version 16
VisualStudioVersion = 16.0.30517.126
MinimumVisualStudioVersion = 10.0.40219.1
Project("{FAE04EC0-301F-11D3-BF4B-00C04F79EFBC}") = "Catsanddogs2", "Catsanddogs2\Catsanddogs2.csproj", "{26BEF72A-67DA-4D51-B26B-C1E21B8833CD}"
EndProject
Global
	GlobalSection(SolutionConfigurationPlatforms) = preSolution
		Debug|Any CPU = Debug|Any CPU
		Release|Any CPU = Release|Any CPU
	EndGlobalSection
	GlobalSection(ProjectConfigurationPlatforms) = postSolution
		{26BEF72A-67DA-4D51-B26B-C1E21B8833CD}.Debug|Any CPU.ActiveCfg = Debug|Any CPU
		{26BEF72A-67DA-4D51-B26B-C1E21B8833CD}.Debug|Any CPU.Build.0 = Debug|Any CPU
		{26BEF72A-67DA-4D51-B26B-C1E21B8833CD}.Release|Any CPU.ActiveCfg = Release|Any CPU
		{26BEF72A-67DA-4D51-B26B-C1E21B8833CD}.Release|Any CPU.Build.0 = Release|Any CPU
	EndGlobalSection
	GlobalSection(SolutionProperties) = preSolution
		HideSolutionNode = FALSE
	EndGlobalSection
	GlobalSection(ExtensibilityGlobals) = postSolution
		SolutionGuid = {A200BC79-ACA3-4BA9-B29F-5CF755208282}
	EndGlobalSection
EndGlobal
